
Microsoft Visual Studio Solution File, Format Version 12.00
# Visual Studio Version 17
VisualStudioVersion = 17.0.31903.59
MinimumVisualStudioVersion = 10.0.40219.1
Project("{FAE04EC0-301F-11D3-BF4B-00C04F79EFBC}") = "Account", "Account\Account.csproj", "{A78CD5DF-1FF9-4A14-A78F-7AED668C98A4}"
EndProject
Project("{FAE04EC0-301F-11D3-BF4B-00C04F79EFBC}") = "BankAccount", "BankAccount\BankAccount.csproj", "{4A462DDE-D798-4818-BB68-2116834B0035}"
EndProject
Project("{FAE04EC0-301F-11D3-BF4B-00C04F79EFBC}") = "EnergyDrinks", "EnergyDrinks\EnergyDrinks.csproj", "{7FCC007C-DD8E-40D3-9080-690E3A5BCACE}"
EndProject
Project("{FAE04EC0-301F-11D3-BF4B-00C04F79EFBC}") = "FuelConsumptionCalculator", "FuelConsumptionCalculator\FuelConsumptionCalculator.csproj", "{8CFA0561-C4D0-4419-AC65-C90E0AF2C6FC}"
EndProject
Project("{FAE04EC0-301F-11D3-BF4B-00C04F79EFBC}") = "VideoStore", "VideoStore\VideoStore.csproj", "{40352489-4287-4C39-879A-55BB1A9ED983}"
EndProject
Project("{FAE04EC0-301F-11D3-BF4B-00C04F79EFBC}") = "Products", "Products\Products.csproj", "{9D22C7CE-0BE8-46F7-B978-19018F09C627}"
EndProject
Project("{FAE04EC0-301F-11D3-BF4B-00C04F79EFBC}") = "Exercise3", "Exercise3\Exercise3.csproj", "{436C2071-2AB3-4774-9A95-E00CDB7E1ACF}"
EndProject
Project("{FAE04EC0-301F-11D3-BF4B-00C04F79EFBC}") = "Exercise4", "Exercise4\Exercise4.csproj", "{2B0CF417-67B6-4DCD-8918-B1EB11F0526B}"
EndProject
Project("{FAE04EC0-301F-11D3-BF4B-00C04F79EFBC}") = "Exercise6", "Exercise6\Exercise6.csproj", "{44525413-4576-4230-81BB-7CCF91C09566}"
EndProject
Project("{FAE04EC0-301F-11D3-BF4B-00C04F79EFBC}") = "Exercise7", "Exercise7\Exercise7.csproj", "{3680F461-BE2D-4F0E-8DC5-20B99ECA606A}"
EndProject
Project("{FAE04EC0-301F-11D3-BF4B-00C04F79EFBC}") = "Exercise8", "Exercise8\Exercise8.csproj", "{6176830F-1A2A-41E9-A95F-B95C42DE99BB}"
EndProject
Project("{FAE04EC0-301F-11D3-BF4B-00C04F79EFBC}") = "Exercise12", "Exercise12\Exercise12.csproj", "{B5EA675F-50D0-499D-9D19-9470EB115D7D}"
EndProject
Project("{FAE04EC0-301F-11D3-BF4B-00C04F79EFBC}") = "Exercise13", "Exercise13\Exercise13.csproj", "{7F99EFD4-61B9-41F6-99C7-C15B4AAD0C6B}"
EndProject
Project("{FAE04EC0-301F-11D3-BF4B-00C04F79EFBC}") = "Exercise14", "Exercise14\Exercise14.csproj", "{5A947C8F-94CF-412A-9D8E-33CB32349B40}"
EndProject
Global
	GlobalSection(SolutionConfigurationPlatforms) = preSolution
		Debug|Any CPU = Debug|Any CPU
		Release|Any CPU = Release|Any CPU
	EndGlobalSection
	GlobalSection(ProjectConfigurationPlatforms) = postSolution
		{A78CD5DF-1FF9-4A14-A78F-7AED668C98A4}.Debug|Any CPU.ActiveCfg = Debug|Any CPU
		{A78CD5DF-1FF9-4A14-A78F-7AED668C98A4}.Debug|Any CPU.Build.0 = Debug|Any CPU
		{A78CD5DF-1FF9-4A14-A78F-7AED668C98A4}.Release|Any CPU.ActiveCfg = Release|Any CPU
		{A78CD5DF-1FF9-4A14-A78F-7AED668C98A4}.Release|Any CPU.Build.0 = Release|Any CPU
		{4A462DDE-D798-4818-BB68-2116834B0035}.Debug|Any CPU.ActiveCfg = Debug|Any CPU
		{4A462DDE-D798-4818-BB68-2116834B0035}.Debug|Any CPU.Build.0 = Debug|Any CPU
		{4A462DDE-D798-4818-BB68-2116834B0035}.Release|Any CPU.ActiveCfg = Release|Any CPU
		{4A462DDE-D798-4818-BB68-2116834B0035}.Release|Any CPU.Build.0 = Release|Any CPU
		{7FCC007C-DD8E-40D3-9080-690E3A5BCACE}.Debug|Any CPU.ActiveCfg = Debug|Any CPU
		{7FCC007C-DD8E-40D3-9080-690E3A5BCACE}.Debug|Any CPU.Build.0 = Debug|Any CPU
		{7FCC007C-DD8E-40D3-9080-690E3A5BCACE}.Release|Any CPU.ActiveCfg = Release|Any CPU
		{7FCC007C-DD8E-40D3-9080-690E3A5BCACE}.Release|Any CPU.Build.0 = Release|Any CPU
		{8CFA0561-C4D0-4419-AC65-C90E0AF2C6FC}.Debug|Any CPU.ActiveCfg = Debug|Any CPU
		{8CFA0561-C4D0-4419-AC65-C90E0AF2C6FC}.Debug|Any CPU.Build.0 = Debug|Any CPU
		{8CFA0561-C4D0-4419-AC65-C90E0AF2C6FC}.Release|Any CPU.ActiveCfg = Release|Any CPU
		{8CFA0561-C4D0-4419-AC65-C90E0AF2C6FC}.Release|Any CPU.Build.0 = Release|Any CPU
		{40352489-4287-4C39-879A-55BB1A9ED983}.Debug|Any CPU.ActiveCfg = Debug|Any CPU
		{40352489-4287-4C39-879A-55BB1A9ED983}.Debug|Any CPU.Build.0 = Debug|Any CPU
		{40352489-4287-4C39-879A-55BB1A9ED983}.Release|Any CPU.ActiveCfg = Release|Any CPU
		{40352489-4287-4C39-879A-55BB1A9ED983}.Release|Any CPU.Build.0 = Release|Any CPU
		{9D22C7CE-0BE8-46F7-B978-19018F09C627}.Debug|Any CPU.ActiveCfg = Debug|Any CPU
		{9D22C7CE-0BE8-46F7-B978-19018F09C627}.Debug|Any CPU.Build.0 = Debug|Any CPU
		{9D22C7CE-0BE8-46F7-B978-19018F09C627}.Release|Any CPU.ActiveCfg = Release|Any CPU
		{9D22C7CE-0BE8-46F7-B978-19018F09C627}.Release|Any CPU.Build.0 = Release|Any CPU
		{436C2071-2AB3-4774-9A95-E00CDB7E1ACF}.Debug|Any CPU.ActiveCfg = Debug|Any CPU
		{436C2071-2AB3-4774-9A95-E00CDB7E1ACF}.Debug|Any CPU.Build.0 = Debug|Any CPU
		{436C2071-2AB3-4774-9A95-E00CDB7E1ACF}.Release|Any CPU.ActiveCfg = Release|Any CPU
		{436C2071-2AB3-4774-9A95-E00CDB7E1ACF}.Release|Any CPU.Build.0 = Release|Any CPU
		{2B0CF417-67B6-4DCD-8918-B1EB11F0526B}.Debug|Any CPU.ActiveCfg = Debug|Any CPU
		{2B0CF417-67B6-4DCD-8918-B1EB11F0526B}.Debug|Any CPU.Build.0 = Debug|Any CPU
		{2B0CF417-67B6-4DCD-8918-B1EB11F0526B}.Release|Any CPU.ActiveCfg = Release|Any CPU
		{2B0CF417-67B6-4DCD-8918-B1EB11F0526B}.Release|Any CPU.Build.0 = Release|Any CPU
		{44525413-4576-4230-81BB-7CCF91C09566}.Debug|Any CPU.ActiveCfg = Debug|Any CPU
		{44525413-4576-4230-81BB-7CCF91C09566}.Debug|Any CPU.Build.0 = Debug|Any CPU
		{44525413-4576-4230-81BB-7CCF91C09566}.Release|Any CPU.ActiveCfg = Release|Any CPU
		{44525413-4576-4230-81BB-7CCF91C09566}.Release|Any CPU.Build.0 = Release|Any CPU
		{3680F461-BE2D-4F0E-8DC5-20B99ECA606A}.Debug|Any CPU.ActiveCfg = Debug|Any CPU
		{3680F461-BE2D-4F0E-8DC5-20B99ECA606A}.Debug|Any CPU.Build.0 = Debug|Any CPU
		{3680F461-BE2D-4F0E-8DC5-20B99ECA606A}.Release|Any CPU.ActiveCfg = Release|Any CPU
		{3680F461-BE2D-4F0E-8DC5-20B99ECA606A}.Release|Any CPU.Build.0 = Release|Any CPU
		{6176830F-1A2A-41E9-A95F-B95C42DE99BB}.Debug|Any CPU.ActiveCfg = Debug|Any CPU
		{6176830F-1A2A-41E9-A95F-B95C42DE99BB}.Debug|Any CPU.Build.0 = Debug|Any CPU
		{6176830F-1A2A-41E9-A95F-B95C42DE99BB}.Release|Any CPU.ActiveCfg = Release|Any CPU
		{6176830F-1A2A-41E9-A95F-B95C42DE99BB}.Release|Any CPU.Build.0 = Release|Any CPU
		{B5EA675F-50D0-499D-9D19-9470EB115D7D}.Debug|Any CPU.ActiveCfg = Debug|Any CPU
		{B5EA675F-50D0-499D-9D19-9470EB115D7D}.Debug|Any CPU.Build.0 = Debug|Any CPU
		{B5EA675F-50D0-499D-9D19-9470EB115D7D}.Release|Any CPU.ActiveCfg = Release|Any CPU
		{B5EA675F-50D0-499D-9D19-9470EB115D7D}.Release|Any CPU.Build.0 = Release|Any CPU
		{7F99EFD4-61B9-41F6-99C7-C15B4AAD0C6B}.Debug|Any CPU.ActiveCfg = Debug|Any CPU
		{7F99EFD4-61B9-41F6-99C7-C15B4AAD0C6B}.Debug|Any CPU.Build.0 = Debug|Any CPU
		{7F99EFD4-61B9-41F6-99C7-C15B4AAD0C6B}.Release|Any CPU.ActiveCfg = Release|Any CPU
		{7F99EFD4-61B9-41F6-99C7-C15B4AAD0C6B}.Release|Any CPU.Build.0 = Release|Any CPU
		{5A947C8F-94CF-412A-9D8E-33CB32349B40}.Debug|Any CPU.ActiveCfg = Debug|Any CPU
		{5A947C8F-94CF-412A-9D8E-33CB32349B40}.Debug|Any CPU.Build.0 = Debug|Any CPU
		{5A947C8F-94CF-412A-9D8E-33CB32349B40}.Release|Any CPU.ActiveCfg = Release|Any CPU
		{5A947C8F-94CF-412A-9D8E-33CB32349B40}.Release|Any CPU.Build.0 = Release|Any CPU
	EndGlobalSection
	GlobalSection(SolutionProperties) = preSolution
		HideSolutionNode = FALSE
	EndGlobalSection
	GlobalSection(ExtensibilityGlobals) = postSolution
		SolutionGuid = {57C5E787-AAEA-41CC-BD12-4A66023D0568}
	EndGlobalSection
EndGlobal
